
Microsoft Visual Studio Solution File, Format Version 12.00
# Visual Studio 14
VisualStudioVersion = 14.0.25420.1
MinimumVisualStudioVersion = 10.0.40219.1
Project("{FAE04EC0-301F-11D3-BF4B-00C04F79EFBC}") = "ManagedHook", "ManagedHook\ManagedHook.csproj", "{8919D746-2B9A-4632-A107-16934C839C17}"
EndProject
Project("{FAE04EC0-301F-11D3-BF4B-00C04F79EFBC}") = "ManagedHook.Tests", "ManagedHook.Tests\ManagedHook.Tests.csproj", "{967BC432-52D8-409F-89D9-32C5A70BF230}"
EndProject
Global
	GlobalSection(SolutionConfigurationPlatforms) = preSolution
		Debug|Any CPU = Debug|Any CPU
		Debug|x64 = Debug|x64
		Debug|x86 = Debug|x86
		Release|Any CPU = Release|Any CPU
		Release|x64 = Release|x64
		Release|x86 = Release|x86
	EndGlobalSection
	GlobalSection(ProjectConfigurationPlatforms) = postSolution
		{8919D746-2B9A-4632-A107-16934C839C17}.Debug|Any CPU.ActiveCfg = Debug|Any CPU
		{8919D746-2B9A-4632-A107-16934C839C17}.Debug|Any CPU.Build.0 = Debug|Any CPU
		{8919D746-2B9A-4632-A107-16934C839C17}.Debug|x64.ActiveCfg = Debug|Any CPU
		{8919D746-2B9A-4632-A107-16934C839C17}.Debug|x64.Build.0 = Debug|Any CPU
		{8919D746-2B9A-4632-A107-16934C839C17}.Debug|x86.ActiveCfg = Debug|Any CPU
		{8919D746-2B9A-4632-A107-16934C839C17}.Debug|x86.Build.0 = Debug|Any CPU
		{8919D746-2B9A-4632-A107-16934C839C17}.Release|Any CPU.ActiveCfg = Release|Any CPU
		{8919D746-2B9A-4632-A107-16934C839C17}.Release|Any CPU.Build.0 = Release|Any CPU
		{8919D746-2B9A-4632-A107-16934C839C17}.Release|x64.ActiveCfg = Release|Any CPU
		{8919D746-2B9A-4632-A107-16934C839C17}.Release|x64.Build.0 = Release|Any CPU
		{8919D746-2B9A-4632-A107-16934C839C17}.Release|x86.ActiveCfg = Release|Any CPU
		{8919D746-2B9A-4632-A107-16934C839C17}.Release|x86.Build.0 = Release|Any CPU
		{967BC432-52D8-409F-89D9-32C5A70BF230}.Debug|Any CPU.ActiveCfg = Debug|Any CPU
		{967BC432-52D8-409F-89D9-32C5A70BF230}.Debug|Any CPU.Build.0 = Debug|Any CPU
		{967BC432-52D8-409F-89D9-32C5A70BF230}.Debug|x64.ActiveCfg = Debug|Any CPU
		{967BC432-52D8-409F-89D9-32C5A70BF230}.Debug|x64.Build.0 = Debug|Any CPU
		{967BC432-52D8-409F-89D9-32C5A70BF230}.Debug|x86.ActiveCfg = Debug|Any CPU
		{967BC432-52D8-409F-89D9-32C5A70BF230}.Debug|x86.Build.0 = Debug|Any CPU
		{967BC432-52D8-409F-89D9-32C5A70BF230}.Release|Any CPU.ActiveCfg = Release|Any CPU
		{967BC432-52D8-409F-89D9-32C5A70BF230}.Release|Any CPU.Build.0 = Release|Any CPU
		{967BC432-52D8-409F-89D9-32C5A70BF230}.Release|x64.ActiveCfg = Release|Any CPU
		{967BC432-52D8-409F-89D9-32C5A70BF230}.Release|x64.Build.0 = Release|Any CPU
		{967BC432-52D8-409F-89D9-32C5A70BF230}.Release|x86.ActiveCfg = Release|Any CPU
		{967BC432-52D8-409F-89D9-32C5A70BF230}.Release|x86.Build.0 = Release|Any CPU
	EndGlobalSection
	GlobalSection(SolutionProperties) = preSolution
		HideSolutionNode = FALSE
	EndGlobalSection
EndGlobal
